
Microsoft Visual Studio Solution File, Format Version 11.00
# Visual Studio 2010
Project("{FAE04EC0-301F-11D3-BF4B-00C04F79EFBC}") = "MJr-Historico-001", "MJr-Historico-001\MJr-Historico-001.csproj", "{541041DB-5800-4A24-8D25-5D6022699222}"
EndProject
Global
	GlobalSection(SolutionConfigurationPlatforms) = preSolution
		Debug|Any CPU = Debug|Any CPU
		Release|Any CPU = Release|Any CPU
	EndGlobalSection
	GlobalSection(ProjectConfigurationPlatforms) = postSolution
		{541041DB-5800-4A24-8D25-5D6022699222}.Debug|Any CPU.ActiveCfg = Debug|Any CPU
		{541041DB-5800-4A24-8D25-5D6022699222}.Debug|Any CPU.Build.0 = Debug|Any CPU
		{541041DB-5800-4A24-8D25-5D6022699222}.Release|Any CPU.ActiveCfg = Release|Any CPU
		{541041DB-5800-4A24-8D25-5D6022699222}.Release|Any CPU.Build.0 = Release|Any CPU
	EndGlobalSection
	GlobalSection(SolutionProperties) = preSolution
		HideSolutionNode = FALSE
	EndGlobalSection
EndGlobal
