
Microsoft Visual Studio Solution File, Format Version 11.00
# Visual Studio 2010
Project("{FAE04EC0-301F-11D3-BF4B-00C04F79EFBC}") = "MJr-Postgres2Terralib", "MJr-Postgres2Terralib\MJr-Postgres2Terralib.csproj", "{052E1C47-20A9-44C0-99D1-3885D01B3253}"
EndProject
Global
	GlobalSection(SolutionConfigurationPlatforms) = preSolution
		Debug|x86 = Debug|x86
		Release|x86 = Release|x86
	EndGlobalSection
	GlobalSection(ProjectConfigurationPlatforms) = postSolution
		{052E1C47-20A9-44C0-99D1-3885D01B3253}.Debug|x86.ActiveCfg = Debug|x86
		{052E1C47-20A9-44C0-99D1-3885D01B3253}.Debug|x86.Build.0 = Debug|x86
		{052E1C47-20A9-44C0-99D1-3885D01B3253}.Release|x86.ActiveCfg = Release|x86
		{052E1C47-20A9-44C0-99D1-3885D01B3253}.Release|x86.Build.0 = Release|x86
	EndGlobalSection
	GlobalSection(SolutionProperties) = preSolution
		HideSolutionNode = FALSE
	EndGlobalSection
EndGlobal
